
Microsoft Visual Studio Solution File, Format Version 12.00
# Visual Studio 15
VisualStudioVersion = 15.0.27703.2042
MinimumVisualStudioVersion = 10.0.40219.1
Project("{FAE04EC0-301F-11D3-BF4B-00C04F79EFBC}") = "WpfEQDValidationApp", "WpfEQDValidationApp\WpfEQDValidationApp.csproj", "{5C06D4AD-4FB9-440E-8449-230A6161FDF3}"
EndProject
Project("{FAE04EC0-301F-11D3-BF4B-00C04F79EFBC}") = "WpfEQDValidationApp.Infrastructure", "WpfEQDValidationApp.Infrastructure\WpfEQDValidationApp.Infrastructure.csproj", "{A4F9C724-62A8-4158-8D54-3BAB14600437}"
EndProject
Project("{FAE04EC0-301F-11D3-BF4B-00C04F79EFBC}") = "WpfEQDValidationApp.DoseModule", "WpfEQDValidationApp.DoseModule\WpfEQDValidationApp.DoseModule.csproj", "{DFECD887-7932-475F-A624-21979FE0474B}"
EndProject
Global
	GlobalSection(SolutionConfigurationPlatforms) = preSolution
		Debug|Any CPU = Debug|Any CPU
		Release|Any CPU = Release|Any CPU
	EndGlobalSection
	GlobalSection(ProjectConfigurationPlatforms) = postSolution
		{5C06D4AD-4FB9-440E-8449-230A6161FDF3}.Debug|Any CPU.ActiveCfg = Debug|Any CPU
		{5C06D4AD-4FB9-440E-8449-230A6161FDF3}.Debug|Any CPU.Build.0 = Debug|Any CPU
		{5C06D4AD-4FB9-440E-8449-230A6161FDF3}.Release|Any CPU.ActiveCfg = Release|Any CPU
		{5C06D4AD-4FB9-440E-8449-230A6161FDF3}.Release|Any CPU.Build.0 = Release|Any CPU
		{A4F9C724-62A8-4158-8D54-3BAB14600437}.Debug|Any CPU.ActiveCfg = Debug|Any CPU
		{A4F9C724-62A8-4158-8D54-3BAB14600437}.Debug|Any CPU.Build.0 = Debug|Any CPU
		{A4F9C724-62A8-4158-8D54-3BAB14600437}.Release|Any CPU.ActiveCfg = Release|Any CPU
		{A4F9C724-62A8-4158-8D54-3BAB14600437}.Release|Any CPU.Build.0 = Release|Any CPU
		{DFECD887-7932-475F-A624-21979FE0474B}.Debug|Any CPU.ActiveCfg = Debug|Any CPU
		{DFECD887-7932-475F-A624-21979FE0474B}.Debug|Any CPU.Build.0 = Debug|Any CPU
		{DFECD887-7932-475F-A624-21979FE0474B}.Release|Any CPU.ActiveCfg = Release|Any CPU
		{DFECD887-7932-475F-A624-21979FE0474B}.Release|Any CPU.Build.0 = Release|Any CPU
	EndGlobalSection
	GlobalSection(SolutionProperties) = preSolution
		HideSolutionNode = FALSE
	EndGlobalSection
	GlobalSection(ExtensibilityGlobals) = postSolution
		SolutionGuid = {D199241D-D0C6-465B-BBE1-08BA2F1A37C3}
	EndGlobalSection
EndGlobal
